# This file is automatically @generated by Cargo.
# It is not intended for manual editing.
version = 3

[[package]]
name = "tonic"
version = "0.1.0"
dependencies = [
 "tonic-compiler",
]

[[package]]
name = "tonic-compiler"
version = "0.1.0"
dependencies = [
 "tonic-js-builder",
 "tonic-parser",
]

[[package]]
name = "tonic-js-builder"
version = "0.1.0"

[[package]]
name = "tonic-parser"
version = "0.1.0"
